
Microsoft Visual Studio Solution File, Format Version 12.00
# Visual Studio Version 16
VisualStudioVersion = 16.0.31005.135
MinimumVisualStudioVersion = 10.0.40219.1
Project("{FAE04EC0-301F-11D3-BF4B-00C04F79EFBC}") = "week05", "week05\week05.csproj", "{486367EB-900B-42E6-93F6-CCB84D1CCC39}"
EndProject
Global
	GlobalSection(SolutionConfigurationPlatforms) = preSolution
		Debug|Any CPU = Debug|Any CPU
		Release|Any CPU = Release|Any CPU
	EndGlobalSection
	GlobalSection(ProjectConfigurationPlatforms) = postSolution
		{486367EB-900B-42E6-93F6-CCB84D1CCC39}.Debug|Any CPU.ActiveCfg = Debug|Any CPU
		{486367EB-900B-42E6-93F6-CCB84D1CCC39}.Debug|Any CPU.Build.0 = Debug|Any CPU
		{486367EB-900B-42E6-93F6-CCB84D1CCC39}.Release|Any CPU.ActiveCfg = Release|Any CPU
		{486367EB-900B-42E6-93F6-CCB84D1CCC39}.Release|Any CPU.Build.0 = Release|Any CPU
	EndGlobalSection
	GlobalSection(SolutionProperties) = preSolution
		HideSolutionNode = FALSE
	EndGlobalSection
	GlobalSection(ExtensibilityGlobals) = postSolution
		SolutionGuid = {4016B097-B7C1-41A2-B639-137814268E66}
	EndGlobalSection
EndGlobal
