
Microsoft Visual Studio Solution File, Format Version 12.00
# Visual Studio Version 16
VisualStudioVersion = 16.0.31005.135
MinimumVisualStudioVersion = 10.0.40219.1
Project("{FAE04EC0-301F-11D3-BF4B-00C04F79EFBC}") = "week06", "week06\week06.csproj", "{4C16808E-5B28-4DA6-A5B6-8473C76BDCEA}"
EndProject
Global
	GlobalSection(SolutionConfigurationPlatforms) = preSolution
		Debug|Any CPU = Debug|Any CPU
		Release|Any CPU = Release|Any CPU
	EndGlobalSection
	GlobalSection(ProjectConfigurationPlatforms) = postSolution
		{4C16808E-5B28-4DA6-A5B6-8473C76BDCEA}.Debug|Any CPU.ActiveCfg = Debug|Any CPU
		{4C16808E-5B28-4DA6-A5B6-8473C76BDCEA}.Debug|Any CPU.Build.0 = Debug|Any CPU
		{4C16808E-5B28-4DA6-A5B6-8473C76BDCEA}.Release|Any CPU.ActiveCfg = Release|Any CPU
		{4C16808E-5B28-4DA6-A5B6-8473C76BDCEA}.Release|Any CPU.Build.0 = Release|Any CPU
	EndGlobalSection
	GlobalSection(SolutionProperties) = preSolution
		HideSolutionNode = FALSE
	EndGlobalSection
	GlobalSection(ExtensibilityGlobals) = postSolution
		SolutionGuid = {E087B72E-0A59-47ED-8657-4826CDFFA9D3}
	EndGlobalSection
EndGlobal
